
Microsoft Visual Studio Solution File, Format Version 12.00
# Visual Studio Version 17
VisualStudioVersion = 17.0.32112.339
MinimumVisualStudioVersion = 10.0.40219.1
Project("{9A19103F-16F7-4668-BE54-9A1E7A4F7556}") = "Huvermann.Extension.DiNameResolving", "Huvermann.Extension.DiNameResolving\Huvermann.Extension.DiNameResolving.csproj", "{D3C412FF-4952-4EFB-A616-49F2E6787B72}"
EndProject
Project("{2150E333-8FDC-42A3-9474-1A3956D46DE8}") = "Tests", "Tests", "{26E306F6-A7D3-49A1-A090-FA6D17A6505F}"
EndProject
Project("{2150E333-8FDC-42A3-9474-1A3956D46DE8}") = "Solution Items", "Solution Items", "{D4F8F97D-C73A-48D2-9D36-D43ABB1453FE}"
	ProjectSection(SolutionItems) = preProject
		README.md = README.md
	EndProjectSection
EndProject
Project("{9A19103F-16F7-4668-BE54-9A1E7A4F7556}") = "DiNameResolvingTests", "Tests\DiNameResolvingTests.csproj", "{5015FD82-B22F-46C5-B756-062BD1FA11A4}"
EndProject
Global
	GlobalSection(SolutionConfigurationPlatforms) = preSolution
		Debug|Any CPU = Debug|Any CPU
		Release|Any CPU = Release|Any CPU
	EndGlobalSection
	GlobalSection(ProjectConfigurationPlatforms) = postSolution
		{D3C412FF-4952-4EFB-A616-49F2E6787B72}.Debug|Any CPU.ActiveCfg = Debug|Any CPU
		{D3C412FF-4952-4EFB-A616-49F2E6787B72}.Debug|Any CPU.Build.0 = Debug|Any CPU
		{D3C412FF-4952-4EFB-A616-49F2E6787B72}.Release|Any CPU.ActiveCfg = Release|Any CPU
		{D3C412FF-4952-4EFB-A616-49F2E6787B72}.Release|Any CPU.Build.0 = Release|Any CPU
		{5015FD82-B22F-46C5-B756-062BD1FA11A4}.Debug|Any CPU.ActiveCfg = Debug|Any CPU
		{5015FD82-B22F-46C5-B756-062BD1FA11A4}.Debug|Any CPU.Build.0 = Debug|Any CPU
		{5015FD82-B22F-46C5-B756-062BD1FA11A4}.Release|Any CPU.ActiveCfg = Release|Any CPU
		{5015FD82-B22F-46C5-B756-062BD1FA11A4}.Release|Any CPU.Build.0 = Release|Any CPU
	EndGlobalSection
	GlobalSection(SolutionProperties) = preSolution
		HideSolutionNode = FALSE
	EndGlobalSection
	GlobalSection(NestedProjects) = preSolution
		{5015FD82-B22F-46C5-B756-062BD1FA11A4} = {26E306F6-A7D3-49A1-A090-FA6D17A6505F}
	EndGlobalSection
	GlobalSection(ExtensibilityGlobals) = postSolution
		SolutionGuid = {4F735D92-B94E-43B4-9D92-2B1014F64D3E}
	EndGlobalSection
EndGlobal
